
Microsoft Visual Studio Solution File, Format Version 12.00
# Visual Studio 15
VisualStudioVersion = 15.0.28307.1062
MinimumVisualStudioVersion = 10.0.40219.1
Project("{FAE04EC0-301F-11D3-BF4B-00C04F79EFBC}") = "Zad10", "Zad10\Zad10.csproj", "{9580A4CA-1751-42F4-8292-2E5B924145CC}"
EndProject
Global
	GlobalSection(SolutionConfigurationPlatforms) = preSolution
		Debug|Any CPU = Debug|Any CPU
		Release|Any CPU = Release|Any CPU
	EndGlobalSection
	GlobalSection(ProjectConfigurationPlatforms) = postSolution
		{9580A4CA-1751-42F4-8292-2E5B924145CC}.Debug|Any CPU.ActiveCfg = Debug|Any CPU
		{9580A4CA-1751-42F4-8292-2E5B924145CC}.Debug|Any CPU.Build.0 = Debug|Any CPU
		{9580A4CA-1751-42F4-8292-2E5B924145CC}.Release|Any CPU.ActiveCfg = Release|Any CPU
		{9580A4CA-1751-42F4-8292-2E5B924145CC}.Release|Any CPU.Build.0 = Release|Any CPU
	EndGlobalSection
	GlobalSection(SolutionProperties) = preSolution
		HideSolutionNode = FALSE
	EndGlobalSection
	GlobalSection(ExtensibilityGlobals) = postSolution
		SolutionGuid = {5805CF11-1709-46D1-88C8-AADF8B8B05DE}
	EndGlobalSection
EndGlobal
